<?xml version="1.0" encoding="utf-8"?>
<Project ToolsVersion="4.0" xmlns="http://schemas.microsoft.com/developer/msbuild/2003">
  <ItemGroup>
    <Filter Include="ソース ファイル">
      <UniqueIdentifier>{4FC737F1-C7A5-4376-A066-2A32D752A2FF}</UniqueIdentifier>
      <Extensions>cpp;c;cc;cxx;c++;cppm;ixx;def;odl;idl;hpj;bat;asm;asmx</Extensions>
    </Filter>
    <Filter Include="ソース ファイル\Scene">
      <UniqueIdentifier>{184e49b9-26f7-4dfb-9a54-a996899355ea}</UniqueIdentifier>
    </Filter>
    <Filter Include="ソース ファイル\System">
      <UniqueIdentifier>{9274f93a-5acf-48fd-bef3-d144c429e456}</UniqueIdentifier>
    </Filter>
    <Filter Include="ソース ファイル\Object">
      <UniqueIdentifier>{59409cbc-e135-41e2-8ad6-db756518757c}</UniqueIdentifier>
    </Filter>
    <Filter Include="ソース ファイル\Object\GameObject">
      <UniqueIdentifier>{e9dc819c-b447-4f9c-bf97-2c44af662ffb}</UniqueIdentifier>
    </Filter>
    <Filter Include="ソース ファイル\Object\Polygon">
      <UniqueIdentifier>{8f0fcc02-ebc8-4070-a032-b050a3fed962}</UniqueIdentifier>
    </Filter>
    <Filter Include="ソース ファイル\Object\Camera">
      <UniqueIdentifier>{df41a36e-7351-41e1-8fa6-f3634fda5e3b}</UniqueIdentifier>
    </Filter>
    <Filter Include="ソース ファイル\Collision">
      <UniqueIdentifier>{f2543492-86ff-45ea-9b40-aed930ef6213}</UniqueIdentifier>
    </Filter>
    <Filter Include="ソース ファイル\Object\GameObject\Object3D">
      <UniqueIdentifier>{ec53b0d8-6b54-4717-8c50-3edd22cb56d4}</UniqueIdentifier>
    </Filter>
    <Filter Include="ソース ファイル\Object\GameObject\Object3D\Gun">
      <UniqueIdentifier>{4cf8087e-db12-4196-8dd8-613ac90e018d}</UniqueIdentifier>
    </Filter>
    <Filter Include="ソース ファイル\Object\GameObject\Object3D\Gun\Bullet">
      <UniqueIdentifier>{a7eb4616-8aa5-4c2e-b588-bd1f6aa0f64d}</UniqueIdentifier>
    </Filter>
    <Filter Include="ソース ファイル\Object\GameObject\Object3D\Effect">
      <UniqueIdentifier>{ef88840f-952a-4bf2-b7e3-362637e36b2f}</UniqueIdentifier>
    </Filter>
    <Filter Include="ソース ファイル\Object\GameObject\Object3D\Effect\Particle">
      <UniqueIdentifier>{f118840c-6949-4f45-bac1-8d336fd60c9e}</UniqueIdentifier>
    </Filter>
    <Filter Include="ソース ファイル\Object\GameObject\Object2D">
      <UniqueIdentifier>{1c503c15-9ec3-4d70-8333-b16eb1ad7b60}</UniqueIdentifier>
    </Filter>
    <Filter Include="ソース ファイル\Texture">
      <UniqueIdentifier>{8e4240a3-ca16-445f-a474-f1378a8df803}</UniqueIdentifier>
    </Filter>
    <Filter Include="ソース ファイル\Renderer">
      <UniqueIdentifier>{fe800535-2dc8-4776-8be3-bcb922204cea}</UniqueIdentifier>
    </Filter>
    <Filter Include="ソース ファイル\Imgui">
      <UniqueIdentifier>{0188db80-0d82-4dcf-be09-b67b50d2d7f2}</UniqueIdentifier>
    </Filter>
    <Filter Include="Shader">
      <UniqueIdentifier>{f2e4ffdb-7ce5-4f9c-b188-e661d8697253}</UniqueIdentifier>
    </Filter>
    <Filter Include="Shader\Sprite">
      <UniqueIdentifier>{73b53e0d-f8de-49cc-9ac8-330bbe93a760}</UniqueIdentifier>
    </Filter>
    <Filter Include="Shader\Lighting">
      <UniqueIdentifier>{cf30cdd8-c431-4e3b-8087-61a5c18977bf}</UniqueIdentifier>
    </Filter>
    <Filter Include="Shader\Geometry">
      <UniqueIdentifier>{4a45caa8-da6b-4acc-a01a-a4a475015b77}</UniqueIdentifier>
    </Filter>
  </ItemGroup>
  <ItemGroup>
    <ClCompile Include="Main.cpp">
      <Filter>ソース ファイル</Filter>
    </ClCompile>
    <ClCompile Include="Scene.cpp">
      <Filter>ソース ファイル\Scene</Filter>
    </ClCompile>
    <ClCompile Include="SceneManager.cpp">
      <Filter>ソース ファイル\Scene</Filter>
    </ClCompile>
    <ClCompile Include="Input.cpp">
      <Filter>ソース ファイル\System</Filter>
    </ClCompile>
    <ClCompile Include="GameScene.cpp">
      <Filter>ソース ファイル\Scene</Filter>
    </ClCompile>
    <ClCompile Include="Cube.cpp">
      <Filter>ソース ファイル\Object\Polygon</Filter>
    </ClCompile>
    <ClCompile Include="PolygonDeferred.cpp">
      <Filter>ソース ファイル\Object\Polygon</Filter>
    </ClCompile>
    <ClCompile Include="Camera.cpp">
      <Filter>ソース ファイル\Object\Camera</Filter>
    </ClCompile>
    <ClCompile Include="Bullet.cpp">
      <Filter>ソース ファイル\Object\GameObject\Object3D\Gun\Bullet</Filter>
    </ClCompile>
    <ClCompile Include="Collision.cpp">
      <Filter>ソース ファイル\Collision</Filter>
    </ClCompile>
    <ClCompile Include="CubeParticle.cpp">
      <Filter>ソース ファイル\Object\GameObject\Object3D\Effect\Particle</Filter>
    </ClCompile>
    <ClCompile Include="DestroyEffect.cpp">
      <Filter>ソース ファイル\Object\GameObject\Object3D\Effect</Filter>
    </ClCompile>
    <ClCompile Include="NormalGum.cpp">
      <Filter>ソース ファイル\Object\GameObject\Object3D\Gun</Filter>
    </ClCompile>
    <ClCompile Include="Sprite.cpp">
      <Filter>ソース ファイル\Object\Polygon</Filter>
    </ClCompile>
    <ClCompile Include="Field.cpp">
      <Filter>ソース ファイル\Object\GameObject\Object3D</Filter>
    </ClCompile>
    <ClCompile Include="Player.cpp">
      <Filter>ソース ファイル\Object\GameObject\Object3D</Filter>
    </ClCompile>
    <ClCompile Include="PlayerUI.cpp">
      <Filter>ソース ファイル\Object\GameObject\Object2D</Filter>
    </ClCompile>
    <ClCompile Include="DDSTextureLoader12.cpp">
      <Filter>ソース ファイル\Texture</Filter>
    </ClCompile>
    <ClCompile Include="texture.cpp">
      <Filter>ソース ファイル\Texture</Filter>
    </ClCompile>
    <ClCompile Include="Renderer.cpp">
      <Filter>ソース ファイル\Renderer</Filter>
    </ClCompile>
    <ClCompile Include="Call.cpp">
      <Filter>ソース ファイル\System</Filter>
    </ClCompile>
    <ClCompile Include="Imgui\imgui_impl_win32.cpp">
      <Filter>ソース ファイル\Imgui</Filter>
    </ClCompile>
    <ClCompile Include="Imgui\imgui_widgets.cpp">
      <Filter>ソース ファイル\Imgui</Filter>
    </ClCompile>
    <ClCompile Include="Imgui\imgui.cpp">
      <Filter>ソース ファイル\Imgui</Filter>
    </ClCompile>
    <ClCompile Include="Imgui\imgui_demo.cpp">
      <Filter>ソース ファイル\Imgui</Filter>
    </ClCompile>
    <ClCompile Include="Imgui\imgui_draw.cpp">
      <Filter>ソース ファイル\Imgui</Filter>
    </ClCompile>
    <ClCompile Include="Imgui\imgui_impl_dx12.cpp">
      <Filter>ソース ファイル\Imgui</Filter>
    </ClCompile>
    <ClCompile Include="ImguiRenderer.cpp">
      <Filter>ソース ファイル\Renderer</Filter>
    </ClCompile>
    <ClCompile Include="TestObj.cpp">
      <Filter>ソース ファイル\Object\GameObject\Object3D</Filter>
    </ClCompile>
  </ItemGroup>
  <ItemGroup>
    <ClInclude Include="Main.h">
      <Filter>ソース ファイル</Filter>
    </ClInclude>
    <ClInclude Include="Scene.h">
      <Filter>ソース ファイル\Scene</Filter>
    </ClInclude>
    <ClInclude Include="SceneManager.h">
      <Filter>ソース ファイル\Scene</Filter>
    </ClInclude>
    <ClInclude Include="Input.h">
      <Filter>ソース ファイル\System</Filter>
    </ClInclude>
    <ClInclude Include="GameScene.h">
      <Filter>ソース ファイル\Scene</Filter>
    </ClInclude>
    <ClInclude Include="GameObject.h">
      <Filter>ソース ファイル\Object\GameObject</Filter>
    </ClInclude>
    <ClInclude Include="Cube.h">
      <Filter>ソース ファイル\Object\Polygon</Filter>
    </ClInclude>
    <ClInclude Include="PolygonDeferred.h">
      <Filter>ソース ファイル\Object\Polygon</Filter>
    </ClInclude>
    <ClInclude Include="Camera.h">
      <Filter>ソース ファイル\Object\Camera</Filter>
    </ClInclude>
    <ClInclude Include="Collision.h">
      <Filter>ソース ファイル\Collision</Filter>
    </ClInclude>
    <ClInclude Include="CubeParticle.h">
      <Filter>ソース ファイル\Object\GameObject\Object3D\Effect\Particle</Filter>
    </ClInclude>
    <ClInclude Include="DestroyEffect.h">
      <Filter>ソース ファイル\Object\GameObject\Object3D\Effect</Filter>
    </ClInclude>
    <ClInclude Include="Gun.h">
      <Filter>ソース ファイル\Object\GameObject\Object3D\Gun</Filter>
    </ClInclude>
    <ClInclude Include="NormalGun.h">
      <Filter>ソース ファイル\Object\GameObject\Object3D\Gun</Filter>
    </ClInclude>
    <ClInclude Include="Sprite.h">
      <Filter>ソース ファイル\Object\Polygon</Filter>
    </ClInclude>
    <ClInclude Include="Field.h">
      <Filter>ソース ファイル\Object\GameObject\Object3D</Filter>
    </ClInclude>
    <ClInclude Include="Player.h">
      <Filter>ソース ファイル\Object\GameObject\Object3D</Filter>
    </ClInclude>
    <ClInclude Include="PlayerUI.h">
      <Filter>ソース ファイル\Object\GameObject\Object2D</Filter>
    </ClInclude>
    <ClInclude Include="d3dx12.h">
      <Filter>ソース ファイル</Filter>
    </ClInclude>
    <ClInclude Include="DDSTextureLoader12.h">
      <Filter>ソース ファイル\Texture</Filter>
    </ClInclude>
    <ClInclude Include="texture.h">
      <Filter>ソース ファイル\Texture</Filter>
    </ClInclude>
    <ClInclude Include="Renderer.h">
      <Filter>ソース ファイル\Renderer</Filter>
    </ClInclude>
    <ClInclude Include="Call.h">
      <Filter>ソース ファイル\System</Filter>
    </ClInclude>
    <ClInclude Include="Imgui\imgui_impl_dx12.h">
      <Filter>ソース ファイル\Imgui</Filter>
    </ClInclude>
    <ClInclude Include="Imgui\imgui_impl_win32.h">
      <Filter>ソース ファイル\Imgui</Filter>
    </ClInclude>
    <ClInclude Include="Imgui\imgui_internal.h">
      <Filter>ソース ファイル\Imgui</Filter>
    </ClInclude>
    <ClInclude Include="Imgui\imstb_rectpack.h">
      <Filter>ソース ファイル\Imgui</Filter>
    </ClInclude>
    <ClInclude Include="Imgui\imstb_textedit.h">
      <Filter>ソース ファイル\Imgui</Filter>
    </ClInclude>
    <ClInclude Include="Imgui\imstb_truetype.h">
      <Filter>ソース ファイル\Imgui</Filter>
    </ClInclude>
    <ClInclude Include="Imgui\imconfig.h">
      <Filter>ソース ファイル\Imgui</Filter>
    </ClInclude>
    <ClInclude Include="Imgui\imgui.h">
      <Filter>ソース ファイル\Imgui</Filter>
    </ClInclude>
    <ClInclude Include="ImguiRenderer.h">
      <Filter>ソース ファイル\Renderer</Filter>
    </ClInclude>
    <ClInclude Include="Bullet.h">
      <Filter>ソース ファイル\Object\GameObject\Object3D\Gun</Filter>
    </ClInclude>
    <ClInclude Include="TestObj.h">
      <Filter>ソース ファイル\Object\GameObject\Object3D</Filter>
    </ClInclude>
  </ItemGroup>
  <ItemGroup>
    <FxCompile Include="GeometryPS.hlsl">
      <Filter>Shader\Geometry</Filter>
    </FxCompile>
    <FxCompile Include="GeometryVS.hlsl">
      <Filter>Shader\Geometry</Filter>
    </FxCompile>
    <FxCompile Include="ShadowPS.hlsl">
      <Filter>Shader\Geometry</Filter>
    </FxCompile>
    <FxCompile Include="ShadowVS.hlsl">
      <Filter>Shader\Geometry</Filter>
    </FxCompile>
    <FxCompile Include="LightingPS.hlsl">
      <Filter>Shader\Lighting</Filter>
    </FxCompile>
    <FxCompile Include="LightingVS.hlsl">
      <Filter>Shader\Lighting</Filter>
    </FxCompile>
    <FxCompile Include="WaterVS.hlsl">
      <Filter>Shader\Geometry</Filter>
    </FxCompile>
    <FxCompile Include="WaterPS.hlsl">
      <Filter>Shader\Geometry</Filter>
    </FxCompile>
    <FxCompile Include="SpritePS.hlsl">
      <Filter>Shader\Sprite</Filter>
    </FxCompile>
    <FxCompile Include="SpriteVS.hlsl">
      <Filter>Shader\Sprite</Filter>
    </FxCompile>
    <FxCompile Include="Common.hlsl">
      <Filter>Shader</Filter>
    </FxCompile>
    <FxCompile Include="GeometryAlphaVS.hlsl">
      <Filter>Shader\Geometry</Filter>
    </FxCompile>
    <FxCompile Include="GeometryAlphaPS.hlsl">
      <Filter>Shader\Geometry</Filter>
    </FxCompile>
  </ItemGroup>
</Project>